
Microsoft Visual Studio Solution File, Format Version 12.00
# Visual Studio Version 17
VisualStudioVersion = 17.4.33213.308
MinimumVisualStudioVersion = 10.0.40219.1
Project("{8BC9CEB8-8B4A-11D0-8D11-00A0C91BC942}") = "RocketEngine", "RocketEngine\RocketEngine.vcxproj", "{4A2705DD-E703-4843-99EA-8E9766FAAB5D}"
	ProjectSection(ProjectDependencies) = postProject
		{10305140-23EA-43AE-8FD3-8E9851317D65} = {10305140-23EA-43AE-8FD3-8E9851317D65}
		{1A4826DB-0BC5-445A-878A-C9D6B7620CDA} = {1A4826DB-0BC5-445A-878A-C9D6B7620CDA}
		{2FC905EB-C6D7-48BE-B2A0-739AB5B0AC6A} = {2FC905EB-C6D7-48BE-B2A0-739AB5B0AC6A}
		{6AC83C21-AD1F-419F-A18B-DC9EA9902A47} = {6AC83C21-AD1F-419F-A18B-DC9EA9902A47}
	EndProjectSection
EndProject
Project("{8BC9CEB8-8B4A-11D0-8D11-00A0C91BC942}") = "RocketMath", "RocketMath\RocketMath.vcxproj", "{6AC83C21-AD1F-419F-A18B-DC9EA9902A47}"
EndProject
Project("{8BC9CEB8-8B4A-11D0-8D11-00A0C91BC942}") = "EngineDemo", "EngineDemo\EngineDemo.vcxproj", "{5AFEF623-963F-4361-B25C-7ABADEE1C2E6}"
	ProjectSection(ProjectDependencies) = postProject
		{2FC905EB-C6D7-48BE-B2A0-739AB5B0AC6A} = {2FC905EB-C6D7-48BE-B2A0-739AB5B0AC6A}
		{4A2705DD-E703-4843-99EA-8E9766FAAB5D} = {4A2705DD-E703-4843-99EA-8E9766FAAB5D}
		{6AC83C21-AD1F-419F-A18B-DC9EA9902A47} = {6AC83C21-AD1F-419F-A18B-DC9EA9902A47}
	EndProjectSection
EndProject
Project("{8BC9CEB8-8B4A-11D0-8D11-00A0C91BC942}") = "RocketGraphicsInterface", "RocketGraphicsInterface\RocketGraphicsInterface.vcxproj", "{10305140-23EA-43AE-8FD3-8E9851317D65}"
	ProjectSection(ProjectDependencies) = postProject
		{6AC83C21-AD1F-419F-A18B-DC9EA9902A47} = {6AC83C21-AD1F-419F-A18B-DC9EA9902A47}
	EndProjectSection
EndProject
Project("{8BC9CEB8-8B4A-11D0-8D11-00A0C91BC942}") = "RocketRendering", "MGRTEngine\MGRTEngine.vcxproj", "{1A4826DB-0BC5-445A-878A-C9D6B7620CDA}"
	ProjectSection(ProjectDependencies) = postProject
		{10305140-23EA-43AE-8FD3-8E9851317D65} = {10305140-23EA-43AE-8FD3-8E9851317D65}
		{2FC905EB-C6D7-48BE-B2A0-739AB5B0AC6A} = {2FC905EB-C6D7-48BE-B2A0-739AB5B0AC6A}
		{6AC83C21-AD1F-419F-A18B-DC9EA9902A47} = {6AC83C21-AD1F-419F-A18B-DC9EA9902A47}
	EndProjectSection
EndProject
Project("{8BC9CEB8-8B4A-11D0-8D11-00A0C91BC942}") = "RocketUtil", "RocketUtil\RocketUtil.vcxproj", "{2FC905EB-C6D7-48BE-B2A0-739AB5B0AC6A}"
EndProject
Project("{8BC9CEB8-8B4A-11D0-8D11-00A0C91BC942}") = "SadEditor", "SadEditor\SadEditor.vcxproj", "{83A425AE-C6B9-47C6-B907-2177B02CDF06}"
	ProjectSection(ProjectDependencies) = postProject
		{10305140-23EA-43AE-8FD3-8E9851317D65} = {10305140-23EA-43AE-8FD3-8E9851317D65}
		{1A4826DB-0BC5-445A-878A-C9D6B7620CDA} = {1A4826DB-0BC5-445A-878A-C9D6B7620CDA}
		{2FC905EB-C6D7-48BE-B2A0-739AB5B0AC6A} = {2FC905EB-C6D7-48BE-B2A0-739AB5B0AC6A}
		{4A2705DD-E703-4843-99EA-8E9766FAAB5D} = {4A2705DD-E703-4843-99EA-8E9766FAAB5D}
		{6AC83C21-AD1F-419F-A18B-DC9EA9902A47} = {6AC83C21-AD1F-419F-A18B-DC9EA9902A47}
	EndProjectSection
EndProject
Project("{8BC9CEB8-8B4A-11D0-8D11-00A0C91BC942}") = "Walnut", "Walnut\Walnut.vcxproj", "{C038E8D9-ACDA-12B0-9595-260481D69900}"
EndProject
Project("{8BC9CEB8-8B4A-11D0-8D11-00A0C91BC942}") = "GLFW", "vendor\GLFW\GLFW.vcxproj", "{154B857C-0182-860D-AA6E-6C109684020F}"
EndProject
Project("{8BC9CEB8-8B4A-11D0-8D11-00A0C91BC942}") = "ImGui", "vendor\imgui\ImGui.vcxproj", "{C0FF640D-2C14-8DBE-F595-301E616989EF}"
EndProject
Global
	GlobalSection(SolutionConfigurationPlatforms) = preSolution
		checked|x64 = checked|x64
		checked|x86 = checked|x86
		Debug|x64 = Debug|x64
		Debug|x86 = Debug|x86
		Dist|x64 = Dist|x64
		Dist|x86 = Dist|x86
		profile|x64 = profile|x64
		profile|x86 = profile|x86
		Release|x64 = Release|x64
		Release|x86 = Release|x86
	EndGlobalSection
	GlobalSection(ProjectConfigurationPlatforms) = postSolution
		{4A2705DD-E703-4843-99EA-8E9766FAAB5D}.checked|x64.ActiveCfg = Release|x64
		{4A2705DD-E703-4843-99EA-8E9766FAAB5D}.checked|x64.Build.0 = Release|x64
		{4A2705DD-E703-4843-99EA-8E9766FAAB5D}.checked|x86.ActiveCfg = Release|Win32
		{4A2705DD-E703-4843-99EA-8E9766FAAB5D}.checked|x86.Build.0 = Release|Win32
		{4A2705DD-E703-4843-99EA-8E9766FAAB5D}.Debug|x64.ActiveCfg = Debug|x64
		{4A2705DD-E703-4843-99EA-8E9766FAAB5D}.Debug|x64.Build.0 = Debug|x64
		{4A2705DD-E703-4843-99EA-8E9766FAAB5D}.Debug|x86.ActiveCfg = Debug|Win32
		{4A2705DD-E703-4843-99EA-8E9766FAAB5D}.Debug|x86.Build.0 = Debug|Win32
		{4A2705DD-E703-4843-99EA-8E9766FAAB5D}.Dist|x64.ActiveCfg = Debug|x64
		{4A2705DD-E703-4843-99EA-8E9766FAAB5D}.Dist|x64.Build.0 = Debug|x64
		{4A2705DD-E703-4843-99EA-8E9766FAAB5D}.Dist|x86.ActiveCfg = Debug|Win32
		{4A2705DD-E703-4843-99EA-8E9766FAAB5D}.Dist|x86.Build.0 = Debug|Win32
		{4A2705DD-E703-4843-99EA-8E9766FAAB5D}.profile|x64.ActiveCfg = Release|x64
		{4A2705DD-E703-4843-99EA-8E9766FAAB5D}.profile|x64.Build.0 = Release|x64
		{4A2705DD-E703-4843-99EA-8E9766FAAB5D}.profile|x86.ActiveCfg = Release|Win32
		{4A2705DD-E703-4843-99EA-8E9766FAAB5D}.profile|x86.Build.0 = Release|Win32
		{4A2705DD-E703-4843-99EA-8E9766FAAB5D}.Release|x64.ActiveCfg = Release|x64
		{4A2705DD-E703-4843-99EA-8E9766FAAB5D}.Release|x64.Build.0 = Release|x64
		{4A2705DD-E703-4843-99EA-8E9766FAAB5D}.Release|x86.ActiveCfg = Release|Win32
		{4A2705DD-E703-4843-99EA-8E9766FAAB5D}.Release|x86.Build.0 = Release|Win32
		{6AC83C21-AD1F-419F-A18B-DC9EA9902A47}.checked|x64.ActiveCfg = Release|x64
		{6AC83C21-AD1F-419F-A18B-DC9EA9902A47}.checked|x64.Build.0 = Release|x64
		{6AC83C21-AD1F-419F-A18B-DC9EA9902A47}.checked|x86.ActiveCfg = Release|Win32
		{6AC83C21-AD1F-419F-A18B-DC9EA9902A47}.checked|x86.Build.0 = Release|Win32
		{6AC83C21-AD1F-419F-A18B-DC9EA9902A47}.Debug|x64.ActiveCfg = Debug|x64
		{6AC83C21-AD1F-419F-A18B-DC9EA9902A47}.Debug|x64.Build.0 = Debug|x64
		{6AC83C21-AD1F-419F-A18B-DC9EA9902A47}.Debug|x86.ActiveCfg = Debug|Win32
		{6AC83C21-AD1F-419F-A18B-DC9EA9902A47}.Debug|x86.Build.0 = Debug|Win32
		{6AC83C21-AD1F-419F-A18B-DC9EA9902A47}.Dist|x64.ActiveCfg = Debug|x64
		{6AC83C21-AD1F-419F-A18B-DC9EA9902A47}.Dist|x64.Build.0 = Debug|x64
		{6AC83C21-AD1F-419F-A18B-DC9EA9902A47}.Dist|x86.ActiveCfg = Debug|Win32
		{6AC83C21-AD1F-419F-A18B-DC9EA9902A47}.Dist|x86.Build.0 = Debug|Win32
		{6AC83C21-AD1F-419F-A18B-DC9EA9902A47}.profile|x64.ActiveCfg = Release|x64
		{6AC83C21-AD1F-419F-A18B-DC9EA9902A47}.profile|x64.Build.0 = Release|x64
		{6AC83C21-AD1F-419F-A18B-DC9EA9902A47}.profile|x86.ActiveCfg = Release|Win32
		{6AC83C21-AD1F-419F-A18B-DC9EA9902A47}.profile|x86.Build.0 = Release|Win32
		{6AC83C21-AD1F-419F-A18B-DC9EA9902A47}.Release|x64.ActiveCfg = Release|x64
		{6AC83C21-AD1F-419F-A18B-DC9EA9902A47}.Release|x64.Build.0 = Release|x64
		{6AC83C21-AD1F-419F-A18B-DC9EA9902A47}.Release|x86.ActiveCfg = Release|Win32
		{6AC83C21-AD1F-419F-A18B-DC9EA9902A47}.Release|x86.Build.0 = Release|Win32
		{5AFEF623-963F-4361-B25C-7ABADEE1C2E6}.checked|x64.ActiveCfg = Release|x64
		{5AFEF623-963F-4361-B25C-7ABADEE1C2E6}.checked|x64.Build.0 = Release|x64
		{5AFEF623-963F-4361-B25C-7ABADEE1C2E6}.checked|x86.ActiveCfg = Release|Win32
		{5AFEF623-963F-4361-B25C-7ABADEE1C2E6}.checked|x86.Build.0 = Release|Win32
		{5AFEF623-963F-4361-B25C-7ABADEE1C2E6}.Debug|x64.ActiveCfg = Debug|x64
		{5AFEF623-963F-4361-B25C-7ABADEE1C2E6}.Debug|x64.Build.0 = Debug|x64
		{5AFEF623-963F-4361-B25C-7ABADEE1C2E6}.Debug|x86.ActiveCfg = Debug|Win32
		{5AFEF623-963F-4361-B25C-7ABADEE1C2E6}.Debug|x86.Build.0 = Debug|Win32
		{5AFEF623-963F-4361-B25C-7ABADEE1C2E6}.Dist|x64.ActiveCfg = Debug|x64
		{5AFEF623-963F-4361-B25C-7ABADEE1C2E6}.Dist|x64.Build.0 = Debug|x64
		{5AFEF623-963F-4361-B25C-7ABADEE1C2E6}.Dist|x86.ActiveCfg = Debug|Win32
		{5AFEF623-963F-4361-B25C-7ABADEE1C2E6}.Dist|x86.Build.0 = Debug|Win32
		{5AFEF623-963F-4361-B25C-7ABADEE1C2E6}.profile|x64.ActiveCfg = Release|x64
		{5AFEF623-963F-4361-B25C-7ABADEE1C2E6}.profile|x64.Build.0 = Release|x64
		{5AFEF623-963F-4361-B25C-7ABADEE1C2E6}.profile|x86.ActiveCfg = Release|Win32
		{5AFEF623-963F-4361-B25C-7ABADEE1C2E6}.profile|x86.Build.0 = Release|Win32
		{5AFEF623-963F-4361-B25C-7ABADEE1C2E6}.Release|x64.ActiveCfg = Release|x64
		{5AFEF623-963F-4361-B25C-7ABADEE1C2E6}.Release|x64.Build.0 = Release|x64
		{5AFEF623-963F-4361-B25C-7ABADEE1C2E6}.Release|x86.ActiveCfg = Release|Win32
		{5AFEF623-963F-4361-B25C-7ABADEE1C2E6}.Release|x86.Build.0 = Release|Win32
		{10305140-23EA-43AE-8FD3-8E9851317D65}.checked|x64.ActiveCfg = Release|x64
		{10305140-23EA-43AE-8FD3-8E9851317D65}.checked|x64.Build.0 = Release|x64
		{10305140-23EA-43AE-8FD3-8E9851317D65}.checked|x86.ActiveCfg = Release|Win32
		{10305140-23EA-43AE-8FD3-8E9851317D65}.checked|x86.Build.0 = Release|Win32
		{10305140-23EA-43AE-8FD3-8E9851317D65}.Debug|x64.ActiveCfg = Debug|x64
		{10305140-23EA-43AE-8FD3-8E9851317D65}.Debug|x64.Build.0 = Debug|x64
		{10305140-23EA-43AE-8FD3-8E9851317D65}.Debug|x86.ActiveCfg = Debug|Win32
		{10305140-23EA-43AE-8FD3-8E9851317D65}.Debug|x86.Build.0 = Debug|Win32
		{10305140-23EA-43AE-8FD3-8E9851317D65}.Dist|x64.ActiveCfg = Debug|x64
		{10305140-23EA-43AE-8FD3-8E9851317D65}.Dist|x64.Build.0 = Debug|x64
		{10305140-23EA-43AE-8FD3-8E9851317D65}.Dist|x86.ActiveCfg = Debug|Win32
		{10305140-23EA-43AE-8FD3-8E9851317D65}.Dist|x86.Build.0 = Debug|Win32
		{10305140-23EA-43AE-8FD3-8E9851317D65}.profile|x64.ActiveCfg = Release|x64
		{10305140-23EA-43AE-8FD3-8E9851317D65}.profile|x64.Build.0 = Release|x64
		{10305140-23EA-43AE-8FD3-8E9851317D65}.profile|x86.ActiveCfg = Release|Win32
		{10305140-23EA-43AE-8FD3-8E9851317D65}.profile|x86.Build.0 = Release|Win32
		{10305140-23EA-43AE-8FD3-8E9851317D65}.Release|x64.ActiveCfg = Release|x64
		{10305140-23EA-43AE-8FD3-8E9851317D65}.Release|x64.Build.0 = Release|x64
		{10305140-23EA-43AE-8FD3-8E9851317D65}.Release|x86.ActiveCfg = Release|Win32
		{10305140-23EA-43AE-8FD3-8E9851317D65}.Release|x86.Build.0 = Release|Win32
		{1A4826DB-0BC5-445A-878A-C9D6B7620CDA}.checked|x64.ActiveCfg = Release|x64
		{1A4826DB-0BC5-445A-878A-C9D6B7620CDA}.checked|x64.Build.0 = Release|x64
		{1A4826DB-0BC5-445A-878A-C9D6B7620CDA}.checked|x86.ActiveCfg = Release|Win32
		{1A4826DB-0BC5-445A-878A-C9D6B7620CDA}.checked|x86.Build.0 = Release|Win32
		{1A4826DB-0BC5-445A-878A-C9D6B7620CDA}.Debug|x64.ActiveCfg = Debug|x64
		{1A4826DB-0BC5-445A-878A-C9D6B7620CDA}.Debug|x64.Build.0 = Debug|x64
		{1A4826DB-0BC5-445A-878A-C9D6B7620CDA}.Debug|x86.ActiveCfg = Debug|Win32
		{1A4826DB-0BC5-445A-878A-C9D6B7620CDA}.Debug|x86.Build.0 = Debug|Win32
		{1A4826DB-0BC5-445A-878A-C9D6B7620CDA}.Dist|x64.ActiveCfg = Debug|x64
		{1A4826DB-0BC5-445A-878A-C9D6B7620CDA}.Dist|x64.Build.0 = Debug|x64
		{1A4826DB-0BC5-445A-878A-C9D6B7620CDA}.Dist|x86.ActiveCfg = Debug|Win32
		{1A4826DB-0BC5-445A-878A-C9D6B7620CDA}.Dist|x86.Build.0 = Debug|Win32
		{1A4826DB-0BC5-445A-878A-C9D6B7620CDA}.profile|x64.ActiveCfg = Release|x64
		{1A4826DB-0BC5-445A-878A-C9D6B7620CDA}.profile|x64.Build.0 = Release|x64
		{1A4826DB-0BC5-445A-878A-C9D6B7620CDA}.profile|x86.ActiveCfg = Release|Win32
		{1A4826DB-0BC5-445A-878A-C9D6B7620CDA}.profile|x86.Build.0 = Release|Win32
		{1A4826DB-0BC5-445A-878A-C9D6B7620CDA}.Release|x64.ActiveCfg = Release|x64
		{1A4826DB-0BC5-445A-878A-C9D6B7620CDA}.Release|x64.Build.0 = Release|x64
		{1A4826DB-0BC5-445A-878A-C9D6B7620CDA}.Release|x86.ActiveCfg = Release|Win32
		{1A4826DB-0BC5-445A-878A-C9D6B7620CDA}.Release|x86.Build.0 = Release|Win32
		{2FC905EB-C6D7-48BE-B2A0-739AB5B0AC6A}.checked|x64.ActiveCfg = Debug|x64
		{2FC905EB-C6D7-48BE-B2A0-739AB5B0AC6A}.checked|x64.Build.0 = Debug|x64
		{2FC905EB-C6D7-48BE-B2A0-739AB5B0AC6A}.checked|x86.ActiveCfg = Debug|Win32
		{2FC905EB-C6D7-48BE-B2A0-739AB5B0AC6A}.checked|x86.Build.0 = Debug|Win32
		{2FC905EB-C6D7-48BE-B2A0-739AB5B0AC6A}.Debug|x64.ActiveCfg = Debug|x64
		{2FC905EB-C6D7-48BE-B2A0-739AB5B0AC6A}.Debug|x64.Build.0 = Debug|x64
		{2FC905EB-C6D7-48BE-B2A0-739AB5B0AC6A}.Debug|x86.ActiveCfg = Debug|Win32
		{2FC905EB-C6D7-48BE-B2A0-739AB5B0AC6A}.Debug|x86.Build.0 = Debug|Win32
		{2FC905EB-C6D7-48BE-B2A0-739AB5B0AC6A}.Dist|x64.ActiveCfg = Debug|x64
		{2FC905EB-C6D7-48BE-B2A0-739AB5B0AC6A}.Dist|x64.Build.0 = Debug|x64
		{2FC905EB-C6D7-48BE-B2A0-739AB5B0AC6A}.Dist|x86.ActiveCfg = Debug|Win32
		{2FC905EB-C6D7-48BE-B2A0-739AB5B0AC6A}.Dist|x86.Build.0 = Debug|Win32
		{2FC905EB-C6D7-48BE-B2A0-739AB5B0AC6A}.profile|x64.ActiveCfg = Debug|x64
		{2FC905EB-C6D7-48BE-B2A0-739AB5B0AC6A}.profile|x64.Build.0 = Debug|x64
		{2FC905EB-C6D7-48BE-B2A0-739AB5B0AC6A}.profile|x86.ActiveCfg = Debug|Win32
		{2FC905EB-C6D7-48BE-B2A0-739AB5B0AC6A}.profile|x86.Build.0 = Debug|Win32
		{2FC905EB-C6D7-48BE-B2A0-739AB5B0AC6A}.Release|x64.ActiveCfg = Release|x64
		{2FC905EB-C6D7-48BE-B2A0-739AB5B0AC6A}.Release|x64.Build.0 = Release|x64
		{2FC905EB-C6D7-48BE-B2A0-739AB5B0AC6A}.Release|x86.ActiveCfg = Release|Win32
		{2FC905EB-C6D7-48BE-B2A0-739AB5B0AC6A}.Release|x86.Build.0 = Release|Win32
		{83A425AE-C6B9-47C6-B907-2177B02CDF06}.checked|x64.ActiveCfg = Debug|x64
		{83A425AE-C6B9-47C6-B907-2177B02CDF06}.checked|x64.Build.0 = Debug|x64
		{83A425AE-C6B9-47C6-B907-2177B02CDF06}.checked|x86.ActiveCfg = Debug|Win32
		{83A425AE-C6B9-47C6-B907-2177B02CDF06}.checked|x86.Build.0 = Debug|Win32
		{83A425AE-C6B9-47C6-B907-2177B02CDF06}.Debug|x64.ActiveCfg = Debug|x64
		{83A425AE-C6B9-47C6-B907-2177B02CDF06}.Debug|x64.Build.0 = Debug|x64
		{83A425AE-C6B9-47C6-B907-2177B02CDF06}.Debug|x86.ActiveCfg = Debug|Win32
		{83A425AE-C6B9-47C6-B907-2177B02CDF06}.Debug|x86.Build.0 = Debug|Win32
		{83A425AE-C6B9-47C6-B907-2177B02CDF06}.Dist|x64.ActiveCfg = Debug|x64
		{83A425AE-C6B9-47C6-B907-2177B02CDF06}.Dist|x64.Build.0 = Debug|x64
		{83A425AE-C6B9-47C6-B907-2177B02CDF06}.Dist|x86.ActiveCfg = Debug|Win32
		{83A425AE-C6B9-47C6-B907-2177B02CDF06}.Dist|x86.Build.0 = Debug|Win32
		{83A425AE-C6B9-47C6-B907-2177B02CDF06}.profile|x64.ActiveCfg = Debug|x64
		{83A425AE-C6B9-47C6-B907-2177B02CDF06}.profile|x64.Build.0 = Debug|x64
		{83A425AE-C6B9-47C6-B907-2177B02CDF06}.profile|x86.ActiveCfg = Debug|Win32
		{83A425AE-C6B9-47C6-B907-2177B02CDF06}.profile|x86.Build.0 = Debug|Win32
		{83A425AE-C6B9-47C6-B907-2177B02CDF06}.Release|x64.ActiveCfg = Release|x64
		{83A425AE-C6B9-47C6-B907-2177B02CDF06}.Release|x64.Build.0 = Release|x64
		{83A425AE-C6B9-47C6-B907-2177B02CDF06}.Release|x86.ActiveCfg = Release|Win32
		{83A425AE-C6B9-47C6-B907-2177B02CDF06}.Release|x86.Build.0 = Release|Win32
		{C038E8D9-ACDA-12B0-9595-260481D69900}.checked|x64.ActiveCfg = Debug|x64
		{C038E8D9-ACDA-12B0-9595-260481D69900}.checked|x64.Build.0 = Debug|x64
		{C038E8D9-ACDA-12B0-9595-260481D69900}.checked|x86.ActiveCfg = Debug|x64
		{C038E8D9-ACDA-12B0-9595-260481D69900}.checked|x86.Build.0 = Debug|x64
		{C038E8D9-ACDA-12B0-9595-260481D69900}.Debug|x64.ActiveCfg = Debug|x64
		{C038E8D9-ACDA-12B0-9595-260481D69900}.Debug|x64.Build.0 = Debug|x64
		{C038E8D9-ACDA-12B0-9595-260481D69900}.Debug|x86.ActiveCfg = Debug|x64
		{C038E8D9-ACDA-12B0-9595-260481D69900}.Debug|x86.Build.0 = Debug|x64
		{C038E8D9-ACDA-12B0-9595-260481D69900}.Dist|x64.ActiveCfg = Dist|x64
		{C038E8D9-ACDA-12B0-9595-260481D69900}.Dist|x64.Build.0 = Dist|x64
		{C038E8D9-ACDA-12B0-9595-260481D69900}.Dist|x86.ActiveCfg = Dist|x64
		{C038E8D9-ACDA-12B0-9595-260481D69900}.Dist|x86.Build.0 = Dist|x64
		{C038E8D9-ACDA-12B0-9595-260481D69900}.profile|x64.ActiveCfg = Debug|x64
		{C038E8D9-ACDA-12B0-9595-260481D69900}.profile|x64.Build.0 = Debug|x64
		{C038E8D9-ACDA-12B0-9595-260481D69900}.profile|x86.ActiveCfg = Debug|x64
		{C038E8D9-ACDA-12B0-9595-260481D69900}.profile|x86.Build.0 = Debug|x64
		{C038E8D9-ACDA-12B0-9595-260481D69900}.Release|x64.ActiveCfg = Release|x64
		{C038E8D9-ACDA-12B0-9595-260481D69900}.Release|x64.Build.0 = Release|x64
		{C038E8D9-ACDA-12B0-9595-260481D69900}.Release|x86.ActiveCfg = Release|x64
		{C038E8D9-ACDA-12B0-9595-260481D69900}.Release|x86.Build.0 = Release|x64
		{154B857C-0182-860D-AA6E-6C109684020F}.checked|x64.ActiveCfg = Debug|x64
		{154B857C-0182-860D-AA6E-6C109684020F}.checked|x64.Build.0 = Debug|x64
		{154B857C-0182-860D-AA6E-6C109684020F}.checked|x86.ActiveCfg = Debug|x64
		{154B857C-0182-860D-AA6E-6C109684020F}.checked|x86.Build.0 = Debug|x64
		{154B857C-0182-860D-AA6E-6C109684020F}.Debug|x64.ActiveCfg = Debug|x64
		{154B857C-0182-860D-AA6E-6C109684020F}.Debug|x64.Build.0 = Debug|x64
		{154B857C-0182-860D-AA6E-6C109684020F}.Debug|x86.ActiveCfg = Debug|x64
		{154B857C-0182-860D-AA6E-6C109684020F}.Debug|x86.Build.0 = Debug|x64
		{154B857C-0182-860D-AA6E-6C109684020F}.Dist|x64.ActiveCfg = Dist|x64
		{154B857C-0182-860D-AA6E-6C109684020F}.Dist|x64.Build.0 = Dist|x64
		{154B857C-0182-860D-AA6E-6C109684020F}.Dist|x86.ActiveCfg = Dist|x64
		{154B857C-0182-860D-AA6E-6C109684020F}.Dist|x86.Build.0 = Dist|x64
		{154B857C-0182-860D-AA6E-6C109684020F}.profile|x64.ActiveCfg = Debug|x64
		{154B857C-0182-860D-AA6E-6C109684020F}.profile|x64.Build.0 = Debug|x64
		{154B857C-0182-860D-AA6E-6C109684020F}.profile|x86.ActiveCfg = Debug|x64
		{154B857C-0182-860D-AA6E-6C109684020F}.profile|x86.Build.0 = Debug|x64
		{154B857C-0182-860D-AA6E-6C109684020F}.Release|x64.ActiveCfg = Release|x64
		{154B857C-0182-860D-AA6E-6C109684020F}.Release|x64.Build.0 = Release|x64
		{154B857C-0182-860D-AA6E-6C109684020F}.Release|x86.ActiveCfg = Release|x64
		{154B857C-0182-860D-AA6E-6C109684020F}.Release|x86.Build.0 = Release|x64
		{C0FF640D-2C14-8DBE-F595-301E616989EF}.checked|x64.ActiveCfg = Debug|x64
		{C0FF640D-2C14-8DBE-F595-301E616989EF}.checked|x64.Build.0 = Debug|x64
		{C0FF640D-2C14-8DBE-F595-301E616989EF}.checked|x86.ActiveCfg = Debug|x64
		{C0FF640D-2C14-8DBE-F595-301E616989EF}.checked|x86.Build.0 = Debug|x64
		{C0FF640D-2C14-8DBE-F595-301E616989EF}.Debug|x64.ActiveCfg = Debug|x64
		{C0FF640D-2C14-8DBE-F595-301E616989EF}.Debug|x64.Build.0 = Debug|x64
		{C0FF640D-2C14-8DBE-F595-301E616989EF}.Debug|x86.ActiveCfg = Debug|x64
		{C0FF640D-2C14-8DBE-F595-301E616989EF}.Debug|x86.Build.0 = Debug|x64
		{C0FF640D-2C14-8DBE-F595-301E616989EF}.Dist|x64.ActiveCfg = Dist|x64
		{C0FF640D-2C14-8DBE-F595-301E616989EF}.Dist|x64.Build.0 = Dist|x64
		{C0FF640D-2C14-8DBE-F595-301E616989EF}.Dist|x86.ActiveCfg = Dist|x64
		{C0FF640D-2C14-8DBE-F595-301E616989EF}.Dist|x86.Build.0 = Dist|x64
		{C0FF640D-2C14-8DBE-F595-301E616989EF}.profile|x64.ActiveCfg = Debug|x64
		{C0FF640D-2C14-8DBE-F595-301E616989EF}.profile|x64.Build.0 = Debug|x64
		{C0FF640D-2C14-8DBE-F595-301E616989EF}.profile|x86.ActiveCfg = Debug|x64
		{C0FF640D-2C14-8DBE-F595-301E616989EF}.profile|x86.Build.0 = Debug|x64
		{C0FF640D-2C14-8DBE-F595-301E616989EF}.Release|x64.ActiveCfg = Release|x64
		{C0FF640D-2C14-8DBE-F595-301E616989EF}.Release|x64.Build.0 = Release|x64
		{C0FF640D-2C14-8DBE-F595-301E616989EF}.Release|x86.ActiveCfg = Release|x64
		{C0FF640D-2C14-8DBE-F595-301E616989EF}.Release|x86.Build.0 = Release|x64
	EndGlobalSection
	GlobalSection(SolutionProperties) = preSolution
		HideSolutionNode = FALSE
	EndGlobalSection
	GlobalSection(ExtensibilityGlobals) = postSolution
		SolutionGuid = {9131C944-75DC-46D4-8CF7-FD5CA23BF00D}
	EndGlobalSection
EndGlobal
